
Microsoft Visual Studio Solution File, Format Version 12.00
# Visual Studio Version 16
VisualStudioVersion = 16.0.30907.101
MinimumVisualStudioVersion = 10.0.40219.1
Project("{9A19103F-16F7-4668-BE54-9A1E7A4F7556}") = "binary_node1", "binary_node1\binary_node1.csproj", "{CF866BAB-AF6A-4F20-B233-1DE11F8936D4}"
EndProject
Project("{9A19103F-16F7-4668-BE54-9A1E7A4F7556}") = "nary_node2", "..\nary_node2\nary_node2.csproj", "{372C5FF2-FB42-40D3-8613-441765DC8D59}"
EndProject
Project("{9A19103F-16F7-4668-BE54-9A1E7A4F7556}") = "binary_node2", "..\binary_node2\binary_node2.csproj", "{783F4871-6562-4EE0-A31D-607D49F6B34C}"
EndProject
Project("{9A19103F-16F7-4668-BE54-9A1E7A4F7556}") = "nary_node1", "..\nary_node1\nary_node1.csproj", "{B6550F4B-A1EF-4ABC-BC39-27AE0D45D126}"
EndProject
Global
	GlobalSection(SolutionConfigurationPlatforms) = preSolution
		Debug|Any CPU = Debug|Any CPU
		Release|Any CPU = Release|Any CPU
	EndGlobalSection
	GlobalSection(ProjectConfigurationPlatforms) = postSolution
		{CF866BAB-AF6A-4F20-B233-1DE11F8936D4}.Debug|Any CPU.ActiveCfg = Debug|Any CPU
		{CF866BAB-AF6A-4F20-B233-1DE11F8936D4}.Debug|Any CPU.Build.0 = Debug|Any CPU
		{CF866BAB-AF6A-4F20-B233-1DE11F8936D4}.Release|Any CPU.ActiveCfg = Release|Any CPU
		{CF866BAB-AF6A-4F20-B233-1DE11F8936D4}.Release|Any CPU.Build.0 = Release|Any CPU
		{372C5FF2-FB42-40D3-8613-441765DC8D59}.Debug|Any CPU.ActiveCfg = Debug|Any CPU
		{372C5FF2-FB42-40D3-8613-441765DC8D59}.Debug|Any CPU.Build.0 = Debug|Any CPU
		{372C5FF2-FB42-40D3-8613-441765DC8D59}.Release|Any CPU.ActiveCfg = Release|Any CPU
		{372C5FF2-FB42-40D3-8613-441765DC8D59}.Release|Any CPU.Build.0 = Release|Any CPU
		{783F4871-6562-4EE0-A31D-607D49F6B34C}.Debug|Any CPU.ActiveCfg = Debug|Any CPU
		{783F4871-6562-4EE0-A31D-607D49F6B34C}.Debug|Any CPU.Build.0 = Debug|Any CPU
		{783F4871-6562-4EE0-A31D-607D49F6B34C}.Release|Any CPU.ActiveCfg = Release|Any CPU
		{783F4871-6562-4EE0-A31D-607D49F6B34C}.Release|Any CPU.Build.0 = Release|Any CPU
		{B6550F4B-A1EF-4ABC-BC39-27AE0D45D126}.Debug|Any CPU.ActiveCfg = Debug|Any CPU
		{B6550F4B-A1EF-4ABC-BC39-27AE0D45D126}.Debug|Any CPU.Build.0 = Debug|Any CPU
		{B6550F4B-A1EF-4ABC-BC39-27AE0D45D126}.Release|Any CPU.ActiveCfg = Release|Any CPU
		{B6550F4B-A1EF-4ABC-BC39-27AE0D45D126}.Release|Any CPU.Build.0 = Release|Any CPU
	EndGlobalSection
	GlobalSection(SolutionProperties) = preSolution
		HideSolutionNode = FALSE
	EndGlobalSection
	GlobalSection(ExtensibilityGlobals) = postSolution
		SolutionGuid = {D042EA0F-F1D6-4680-8D00-5A9F0A5A79BE}
	EndGlobalSection
EndGlobal
